// !$*UTF8*$!
{
	archiveVersion = 1;
	classes = {
	};
	objectVersion = 46;
	objects = {

/* Begin PBXBuildFile section */
		FA6CCB9B1BA8CD4500ACFCAC /* switch-check@2x.png in Resources */ = {isa = PBXBuildFile; fileRef = FA6CCB991BA8CD4500ACFCAC /* switch-check@2x.png */; settings = {ASSET_TAGS = (); }; };
		FA6CCB9C1BA8CD4500ACFCAC /* switch-x@2x.png in Resources */ = {isa = PBXBuildFile; fileRef = FA6CCB9A1BA8CD4500ACFCAC /* switch-x@2x.png */; settings = {ASSET_TAGS = (); }; };
		FAEB431B1BA784A0000B9225 /* AppDelegate.swift in Sources */ = {isa = PBXBuildFile; fileRef = FAEB431A1BA784A0000B9225 /* AppDelegate.swift */; };
		FAEB431D1BA784A0000B9225 /* ViewController.swift in Sources */ = {isa = PBXBuildFile; fileRef = FAEB431C1BA784A0000B9225 /* ViewController.swift */; };
		FAEB43201BA784A0000B9225 /* Main.storyboard in Resources */ = {isa = PBXBuildFile; fileRef = FAEB431E1BA784A0000B9225 /* Main.storyboard */; };
		FAEB43221BA784A0000B9225 /* Assets.xcassets in Resources */ = {isa = PBXBuildFile; fileRef = FAEB43211BA784A0000B9225 /* Assets.xcassets */; };
		FAEB43251BA784A0000B9225 /* LaunchScreen.storyboard in Resources */ = {isa = PBXBuildFile; fileRef = FAEB43231BA784A0000B9225 /* LaunchScreen.storyboard */; };
		FAEB43301BA784A1000B9225 /* GMSwitchDemoTests.swift in Sources */ = {isa = PBXBuildFile; fileRef = FAEB432F1BA784A1000B9225 /* GMSwitchDemoTests.swift */; };
		FAEB433B1BA784A1000B9225 /* GMSwitchDemoUITests.swift in Sources */ = {isa = PBXBuildFile; fileRef = FAEB433A1BA784A1000B9225 /* GMSwitchDemoUITests.swift */; };
		FAEB434A1BA78515000B9225 /* GMSwitcher.swift in Sources */ = {isa = PBXBuildFile; fileRef = FAEB43491BA78515000B9225 /* GMSwitcher.swift */; settings = {ASSET_TAGS = (); }; };
/* End PBXBuildFile section */

/* Begin PBXContainerItemProxy section */
		FAEB432C1BA784A1000B9225 /* PBXContainerItemProxy */ = {
			isa = PBXContainerItemProxy;
			containerPortal = FAEB430F1BA784A0000B9225 /* Project object */;
			proxyType = 1;
			remoteGlobalIDString = FAEB43161BA784A0000B9225;
			remoteInfo = GMSwitchDemo;
		};
		FAEB43371BA784A1000B9225 /* PBXContainerItemProxy */ = {
			isa = PBXContainerItemProxy;
			containerPortal = FAEB430F1BA784A0000B9225 /* Project object */;
			proxyType = 1;
			remoteGlobalIDString = FAEB43161BA784A0000B9225;
			remoteInfo = GMSwitchDemo;
		};
/* End PBXContainerItemProxy section */

/* Begin PBXFileReference section */
		FA6CCB991BA8CD4500ACFCAC /* switch-check@2x.png */ = {isa = PBXFileReference; lastKnownFileType = image.png; path = "switch-check@2x.png"; sourceTree = "<group>"; };
		FA6CCB9A1BA8CD4500ACFCAC /* switch-x@2x.png */ = {isa = PBXFileReference; lastKnownFileType = image.png; path = "switch-x@2x.png"; sourceTree = "<group>"; };
		FAEB43171BA784A0000B9225 /* GMSwitchDemo.app */ = {isa = PBXFileReference; explicitFileType = wrapper.application; includeInIndex = 0; path = GMSwitchDemo.app; sourceTree = BUILT_PRODUCTS_DIR; };
		FAEB431A1BA784A0000B9225 /* AppDelegate.swift */ = {isa = PBXFileReference; lastKnownFileType = sourcecode.swift; path = AppDelegate.swift; sourceTree = "<group>"; };
		FAEB431C1BA784A0000B9225 /* ViewController.swift */ = {isa = PBXFileReference; lastKnownFileType = sourcecode.swift; path = ViewController.swift; sourceTree = "<group>"; };
		FAEB431F1BA784A0000B9225 /* Base */ = {isa = PBXFileReference; lastKnownFileType = file.storyboard; name = Base; path = Base.lproj/Main.storyboard; sourceTree = "<group>"; };
		FAEB43211BA784A0000B9225 /* Assets.xcassets */ = {isa = PBXFileReference; lastKnownFileType = folder.assetcatalog; path = Assets.xcassets; sourceTree = "<group>"; };
		FAEB43241BA784A0000B9225 /* Base */ = {isa = PBXFileReference; lastKnownFileType = file.storyboard; name = Base; path = Base.lproj/LaunchScreen.storyboard; sourceTree = "<group>"; };
		FAEB43261BA784A0000B9225 /* Info.plist */ = {isa = PBXFileReference; lastKnownFileType = text.plist.xml; path = Info.plist; sourceTree = "<group>"; };
		FAEB432B1BA784A1000B9225 /* GMSwitchDemoTests.xctest */ = {isa = PBXFileReference; explicitFileType = wrapper.cfbundle; includeInIndex = 0; path = GMSwitchDemoTests.xctest; sourceTree = BUILT_PRODUCTS_DIR; };
		FAEB432F1BA784A1000B9225 /* GMSwitchDemoTests.swift */ = {isa = PBXFileReference; lastKnownFileType = sourcecode.swift; path = GMSwitchDemoTests.swift; sourceTree = "<group>"; };
		FAEB43311BA784A1000B9225 /* Info.plist */ = {isa = PBXFileReference; lastKnownFileType = text.plist.xml; path = Info.plist; sourceTree = "<group>"; };
		FAEB43361BA784A1000B9225 /* GMSwitchDemoUITests.xctest */ = {isa = PBXFileReference; explicitFileType = wrapper.cfbundle; includeInIndex = 0; path = GMSwitchDemoUITests.xctest; sourceTree = BUILT_PRODUCTS_DIR; };
		FAEB433A1BA784A1000B9225 /* GMSwitchDemoUITests.swift */ = {isa = PBXFileReference; lastKnownFileType = sourcecode.swift; path = GMSwitchDemoUITests.swift; sourceTree = "<group>"; };
		FAEB433C1BA784A1000B9225 /* Info.plist */ = {isa = PBXFileReference; lastKnownFileType = text.plist.xml; path = Info.plist; sourceTree = "<group>"; };
		FAEB43491BA78515000B9225 /* GMSwitcher.swift */ = {isa = PBXFileReference; fileEncoding = 4; lastKnownFileType = sourcecode.swift; path = GMSwitcher.swift; sourceTree = "<group>"; };
/* End PBXFileReference section */

/* Begin PBXFrameworksBuildPhase section */
		FAEB43141BA784A0000B9225 /* Frameworks */ = {
			isa = PBXFrameworksBuildPhase;
			buildActionMask = 2147483647;
			files = (
			);
			runOnlyForDeploymentPostprocessing = 0;
		};
		FAEB43281BA784A1000B9225 /* Frameworks */ = {
			isa = PBXFrameworksBuildPhase;
			buildActionMask = 2147483647;
			files = (
			);
			runOnlyForDeploymentPostprocessing = 0;
		};
		FAEB43331BA784A1000B9225 /* Frameworks */ = {
			isa = PBXFrameworksBuildPhase;
			buildActionMask = 2147483647;
			files = (
			);
			runOnlyForDeploymentPostprocessing = 0;
		};
/* End PBXFrameworksBuildPhase section */

/* Begin PBXGroup section */
		FAEB430E1BA784A0000B9225 = {
			isa = PBXGroup;
			children = (
				FAEB43191BA784A0000B9225 /* GMSwitchDemo */,
				FAEB432E1BA784A1000B9225 /* GMSwitchDemoTests */,
				FAEB43391BA784A1000B9225 /* GMSwitchDemoUITests */,
				FAEB43181BA784A0000B9225 /* Products */,
			);
			sourceTree = "<group>";
		};
		FAEB43181BA784A0000B9225 /* Products */ = {
			isa = PBXGroup;
			children = (
				FAEB43171BA784A0000B9225 /* GMSwitchDemo.app */,
				FAEB432B1BA784A1000B9225 /* GMSwitchDemoTests.xctest */,
				FAEB43361BA784A1000B9225 /* GMSwitchDemoUITests.xctest */,
			);
			name = Products;
			sourceTree = "<group>";
		};
		FAEB43191BA784A0000B9225 /* GMSwitchDemo */ = {
			isa = PBXGroup;
			children = (
				FAEB43481BA784C3000B9225 /* GMSwitch */,
				FAEB431A1BA784A0000B9225 /* AppDelegate.swift */,
				FAEB431C1BA784A0000B9225 /* ViewController.swift */,
				FAEB431E1BA784A0000B9225 /* Main.storyboard */,
				FAEB43211BA784A0000B9225 /* Assets.xcassets */,
				FAEB43231BA784A0000B9225 /* LaunchScreen.storyboard */,
				FAEB43261BA784A0000B9225 /* Info.plist */,
			);
			path = GMSwitchDemo;
			sourceTree = "<group>";
		};
		FAEB432E1BA784A1000B9225 /* GMSwitchDemoTests */ = {
			isa = PBXGroup;
			children = (
				FAEB432F1BA784A1000B9225 /* GMSwitchDemoTests.swift */,
				FAEB43311BA784A1000B9225 /* Info.plist */,
			);
			path = GMSwitchDemoTests;
			sourceTree = "<group>";
		};
		FAEB43391BA784A1000B9225 /* GMSwitchDemoUITests */ = {
			isa = PBXGroup;
			children = (
				FAEB433A1BA784A1000B9225 /* GMSwitchDemoUITests.swift */,
				FAEB433C1BA784A1000B9225 /* Info.plist */,
			);
			path = GMSwitchDemoUITests;
			sourceTree = "<group>";
		};
		FAEB43481BA784C3000B9225 /* GMSwitch */ = {
			isa = PBXGroup;
			children = (
				FAEB434B1BA78894000B9225 /* Resources */,
				FAEB43491BA78515000B9225 /* GMSwitcher.swift */,
			);
			path = GMSwitch;
			sourceTree = "<group>";
		};
		FAEB434B1BA78894000B9225 /* Resources */ = {
			isa = PBXGroup;
			children = (
				FA6CCB991BA8CD4500ACFCAC /* switch-check@2x.png */,
				FA6CCB9A1BA8CD4500ACFCAC /* switch-x@2x.png */,
			);
			path = Resources;
			sourceTree = "<group>";
		};
/* End PBXGroup section */

/* Begin PBXNativeTarget section */
		FAEB43161BA784A0000B9225 /* GMSwitchDemo */ = {
			isa = PBXNativeTarget;
			buildConfigurationList = FAEB433F1BA784A1000B9225 /* Build configuration list for PBXNativeTarget "GMSwitchDemo" */;
			buildPhases = (
				FAEB43131BA784A0000B9225 /* Sources */,
				FAEB43141BA784A0000B9225 /* Frameworks */,
				FAEB43151BA784A0000B9225 /* Resources */,
			);
			buildRules = (
			);
			dependencies = (
			);
			name = GMSwitchDemo;
			productName = GMSwitchDemo;
			productReference = FAEB43171BA784A0000B9225 /* GMSwitchDemo.app */;
			productType = "com.apple.product-type.application";
		};
		FAEB432A1BA784A1000B9225 /* GMSwitchDemoTests */ = {
			isa = PBXNativeTarget;
			buildConfigurationList = FAEB43421BA784A1000B9225 /* Build configuration list for PBXNativeTarget "GMSwitchDemoTests" */;
			buildPhases = (
				FAEB43271BA784A1000B9225 /* Sources */,
				FAEB43281BA784A1000B9225 /* Frameworks */,
				FAEB43291BA784A1000B9225 /* Resources */,
			);
			buildRules = (
			);
			dependencies = (
				FAEB432D1BA784A1000B9225 /* PBXTargetDependency */,
			);
			name = GMSwitchDemoTests;
			productName = GMSwitchDemoTests;
			productReference = FAEB432B1BA784A1000B9225 /* GMSwitchDemoTests.xctest */;
			productType = "com.apple.product-type.bundle.unit-test";
		};
		FAEB43351BA784A1000B9225 /* GMSwitchDemoUITests */ = {
			isa = PBXNativeTarget;
			buildConfigurationList = FAEB43451BA784A1000B9225 /* Build configuration list for PBXNativeTarget "GMSwitchDemoUITests" */;
			buildPhases = (
				FAEB43321BA784A1000B9225 /* Sources */,
				FAEB43331BA784A1000B9225 /* Frameworks */,
				FAEB43341BA784A1000B9225 /* Resources */,
			);
			buildRules = (
			);
			dependencies = (
				FAEB43381BA784A1000B9225 /* PBXTargetDependency */,
			);
			name = GMSwitchDemoUITests;
			productName = GMSwitchDemoUITests;
			productReference = FAEB43361BA784A1000B9225 /* GMSwitchDemoUITests.xctest */;
			productType = "com.apple.product-type.bundle.ui-testing";
		};
/* End PBXNativeTarget section */

/* Begin PBXProject section */
		FAEB430F1BA784A0000B9225 /* Project object */ = {
			isa = PBXProject;
			attributes = {
				LastUpgradeCheck = 0700;
				ORGANIZATIONNAME = "Nguyen Duc Hoang";
				TargetAttributes = {
					FAEB43161BA784A0000B9225 = {
						CreatedOnToolsVersion = 7.0;
					};
					FAEB432A1BA784A1000B9225 = {
						CreatedOnToolsVersion = 7.0;
						TestTargetID = FAEB43161BA784A0000B9225;
					};
					FAEB43351BA784A1000B9225 = {
						CreatedOnToolsVersion = 7.0;
						TestTargetID = FAEB43161BA784A0000B9225;
					};
				};
			};
			buildConfigurationList = FAEB43121BA784A0000B9225 /* Build configuration list for PBXProject "GMSwitchDemo" */;
			compatibilityVersion = "Xcode 3.2";
			developmentRegion = English;
			hasScannedForEncodings = 0;
			knownRegions = (
				en,
				Base,
			);
			mainGroup = FAEB430E1BA784A0000B9225;
			productRefGroup = FAEB43181BA784A0000B9225 /* Products */;
			projectDirPath = "";
			projectRoot = "";
			targets = (
				FAEB43161BA784A0000B9225 /* GMSwitchDemo */,
				FAEB432A1BA784A1000B9225 /* GMSwitchDemoTests */,
				FAEB43351BA784A1000B9225 /* GMSwitchDemoUITests */,
			);
		};
/* End PBXProject section */

/* Begin PBXResourcesBuildPhase section */
		FAEB43151BA784A0000B9225 /* Resources */ = {
			isa = PBXResourcesBuildPhase;
			buildActionMask = 2147483647;
			files = (
				FAEB43251BA784A0000B9225 /* LaunchScreen.storyboard in Resources */,
				FA6CCB9B1BA8CD4500ACFCAC /* switch-check@2x.png in Resources */,
				FAEB43221BA784A0000B9225 /* Assets.xcassets in Resources */,
				FA6CCB9C1BA8CD4500ACFCAC /* switch-x@2x.png in Resources */,
				FAEB43201BA784A0000B9225 /* Main.storyboard in Resources */,
			);
			runOnlyForDeploymentPostprocessing = 0;
		};
		FAEB43291BA784A1000B9225 /* Resources */ = {
			isa = PBXResourcesBuildPhase;
			buildActionMask = 2147483647;
			files = (
			);
			runOnlyForDeploymentPostprocessing = 0;
		};
		FAEB43341BA784A1000B9225 /* Resources */ = {
			isa = PBXResourcesBuildPhase;
			buildActionMask = 2147483647;
			files = (
			);
			runOnlyForDeploymentPostprocessing = 0;
		};
/* End PBXResourcesBuildPhase section */

/* Begin PBXSourcesBuildPhase section */
		FAEB43131BA784A0000B9225 /* Sources */ = {
			isa = PBXSourcesBuildPhase;
			buildActionMask = 2147483647;
			files = (
				FAEB434A1BA78515000B9225 /* GMSwitcher.swift in Sources */,
				FAEB431D1BA784A0000B9225 /* ViewController.swift in Sources */,
				FAEB431B1BA784A0000B9225 /* AppDelegate.swift in Sources */,
			);
			runOnlyForDeploymentPostprocessing = 0;
		};
		FAEB43271BA784A1000B9225 /* Sources */ = {
			isa = PBXSourcesBuildPhase;
			buildActionMask = 2147483647;
			files = (
				FAEB43301BA784A1000B9225 /* GMSwitchDemoTests.swift in Sources */,
			);
			runOnlyForDeploymentPostprocessing = 0;
		};
		FAEB43321BA784A1000B9225 /* Sources */ = {
			isa = PBXSourcesBuildPhase;
			buildActionMask = 2147483647;
			files = (
				FAEB433B1BA784A1000B9225 /* GMSwitchDemoUITests.swift in Sources */,
			);
			runOnlyForDeploymentPostprocessing = 0;
		};
/* End PBXSourcesBuildPhase section */

/* Begin PBXTargetDependency section */
		FAEB432D1BA784A1000B9225 /* PBXTargetDependency */ = {
			isa = PBXTargetDependency;
			target = FAEB43161BA784A0000B9225 /* GMSwitchDemo */;
			targetProxy = FAEB432C1BA784A1000B9225 /* PBXContainerItemProxy */;
		};
		FAEB43381BA784A1000B9225 /* PBXTargetDependency */ = {
			isa = PBXTargetDependency;
			target = FAEB43161BA784A0000B9225 /* GMSwitchDemo */;
			targetProxy = FAEB43371BA784A1000B9225 /* PBXContainerItemProxy */;
		};
/* End PBXTargetDependency section */

/* Begin PBXVariantGroup section */
		FAEB431E1BA784A0000B9225 /* Main.storyboard */ = {
			isa = PBXVariantGroup;
			children = (
				FAEB431F1BA784A0000B9225 /* Base */,
			);
			name = Main.storyboard;
			sourceTree = "<group>";
		};
		FAEB43231BA784A0000B9225 /* LaunchScreen.storyboard */ = {
			isa = PBXVariantGroup;
			children = (
				FAEB43241BA784A0000B9225 /* Base */,
			);
			name = LaunchScreen.storyboard;
			sourceTree = "<group>";
		};
/* End PBXVariantGroup section */

/* Begin XCBuildConfiguration section */
		FAEB433D1BA784A1000B9225 /* Debug */ = {
			isa = XCBuildConfiguration;
			buildSettings = {
				ALWAYS_SEARCH_USER_PATHS = NO;
				CLANG_CXX_LANGUAGE_STANDARD = "gnu++0x";
				CLANG_CXX_LIBRARY = "libc++";
				CLANG_ENABLE_MODULES = YES;
				CLANG_ENABLE_OBJC_ARC = YES;
				CLANG_WARN_BOOL_CONVERSION = YES;
				CLANG_WARN_CONSTANT_CONVERSION = YES;
				CLANG_WARN_DIRECT_OBJC_ISA_USAGE = YES_ERROR;
				CLANG_WARN_EMPTY_BODY = YES;
				CLANG_WARN_ENUM_CONVERSION = YES;
				CLANG_WARN_INT_CONVERSION = YES;
				CLANG_WARN_OBJC_ROOT_CLASS = YES_ERROR;
				CLANG_WARN_UNREACHABLE_CODE = YES;
				CLANG_WARN__DUPLICATE_METHOD_MATCH = YES;
				"CODE_SIGN_IDENTITY[sdk=iphoneos*]" = "iPhone Developer";
				COPY_PHASE_STRIP = NO;
				DEBUG_INFORMATION_FORMAT = dwarf;
				ENABLE_STRICT_OBJC_MSGSEND = YES;
				ENABLE_TESTABILITY = YES;
				GCC_C_LANGUAGE_STANDARD = gnu99;
				GCC_DYNAMIC_NO_PIC = NO;
				GCC_NO_COMMON_BLOCKS = YES;
				GCC_OPTIMIZATION_LEVEL = 0;
				GCC_PREPROCESSOR_DEFINITIONS = (
					"DEBUG=1",
					"$(inherited)",
				);
				GCC_WARN_64_TO_32_BIT_CONVERSION = YES;
				GCC_WARN_ABOUT_RETURN_TYPE = YES_ERROR;
				GCC_WARN_UNDECLARED_SELECTOR = YES;
				GCC_WARN_UNINITIALIZED_AUTOS = YES_AGGRESSIVE;
				GCC_WARN_UNUSED_FUNCTION = YES;
				GCC_WARN_UNUSED_VARIABLE = YES;
				IPHONEOS_DEPLOYMENT_TARGET = 9.0;
				MTL_ENABLE_DEBUG_INFO = YES;
				ONLY_ACTIVE_ARCH = YES;
				SDKROOT = iphoneos;
				SWIFT_OPTIMIZATION_LEVEL = "-Onone";
				TARGETED_DEVICE_FAMILY = "1,2";
			};
			name = Debug;
		};
		FAEB433E1BA784A1000B9225 /* Release */ = {
			isa = XCBuildConfiguration;
			buildSettings = {
				ALWAYS_SEARCH_USER_PATHS = NO;
				CLANG_CXX_LANGUAGE_STANDARD = "gnu++0x";
				CLANG_CXX_LIBRARY = "libc++";
				CLANG_ENABLE_MODULES = YES;
				CLANG_ENABLE_OBJC_ARC = YES;
				CLANG_WARN_BOOL_CONVERSION = YES;
				CLANG_WARN_CONSTANT_CONVERSION = YES;
				CLANG_WARN_DIRECT_OBJC_ISA_USAGE = YES_ERROR;
				CLANG_WARN_EMPTY_BODY = YES;
				CLANG_WARN_ENUM_CONVERSION = YES;
				CLANG_WARN_INT_CONVERSION = YES;
				CLANG_WARN_OBJC_ROOT_CLASS = YES_ERROR;
				CLANG_WARN_UNREACHABLE_CODE = YES;
				CLANG_WARN__DUPLICATE_METHOD_MATCH = YES;
				"CODE_SIGN_IDENTITY[sdk=iphoneos*]" = "iPhone Developer";
				COPY_PHASE_STRIP = NO;
				DEBUG_INFORMATION_FORMAT = "dwarf-with-dsym";
				ENABLE_NS_ASSERTIONS = NO;
				ENABLE_STRICT_OBJC_MSGSEND = YES;
				GCC_C_LANGUAGE_STANDARD = gnu99;
				GCC_NO_COMMON_BLOCKS = YES;
				GCC_WARN_64_TO_32_BIT_CONVERSION = YES;
				GCC_WARN_ABOUT_RETURN_TYPE = YES_ERROR;
				GCC_WARN_UNDECLARED_SELECTOR = YES;
				GCC_WARN_UNINITIALIZED_AUTOS = YES_AGGRESSIVE;
				GCC_WARN_UNUSED_FUNCTION = YES;
				GCC_WARN_UNUSED_VARIABLE = YES;
				IPHONEOS_DEPLOYMENT_TARGET = 9.0;
				MTL_ENABLE_DEBUG_INFO = NO;
				SDKROOT = iphoneos;
				TARGETED_DEVICE_FAMILY = "1,2";
				VALIDATE_PRODUCT = YES;
			};
			name = Release;
		};
		FAEB43401BA784A1000B9225 /* Debug */ = {
			isa = XCBuildConfiguration;
			buildSettings = {
				ASSETCATALOG_COMPILER_APPICON_NAME = AppIcon;
				INFOPLIST_FILE = GMSwitchDemo/Info.plist;
				LD_RUNPATH_SEARCH_PATHS = "$(inherited) @executable_path/Frameworks";
				PRODUCT_BUNDLE_IDENTIFIER = demoApp.allUsers.GMSwitchDemo;
				PRODUCT_NAME = "$(TARGET_NAME)";
			};
			name = Debug;
		};
		FAEB43411BA784A1000B9225 /* Release */ = {
			isa = XCBuildConfiguration;
			buildSettings = {
				ASSETCATALOG_COMPILER_APPICON_NAME = AppIcon;
				INFOPLIST_FILE = GMSwitchDemo/Info.plist;
				LD_RUNPATH_SEARCH_PATHS = "$(inherited) @executable_path/Frameworks";
				PRODUCT_BUNDLE_IDENTIFIER = demoApp.allUsers.GMSwitchDemo;
				PRODUCT_NAME = "$(TARGET_NAME)";
			};
			name = Release;
		};
		FAEB43431BA784A1000B9225 /* Debug */ = {
			isa = XCBuildConfiguration;
			buildSettings = {
				BUNDLE_LOADER = "$(TEST_HOST)";
				INFOPLIST_FILE = GMSwitchDemoTests/Info.plist;
				LD_RUNPATH_SEARCH_PATHS = "$(inherited) @executable_path/Frameworks @loader_path/Frameworks";
				PRODUCT_BUNDLE_IDENTIFIER = demoApp.allUsers.GMSwitchDemoTests;
				PRODUCT_NAME = "$(TARGET_NAME)";
				TEST_HOST = "$(BUILT_PRODUCTS_DIR)/GMSwitchDemo.app/GMSwitchDemo";
			};
			name = Debug;
		};
		FAEB43441BA784A1000B9225 /* Release */ = {
			isa = XCBuildConfiguration;
			buildSettings = {
				BUNDLE_LOADER = "$(TEST_HOST)";
				INFOPLIST_FILE = GMSwitchDemoTests/Info.plist;
				LD_RUNPATH_SEARCH_PATHS = "$(inherited) @executable_path/Frameworks @loader_path/Frameworks";
				PRODUCT_BUNDLE_IDENTIFIER = demoApp.allUsers.GMSwitchDemoTests;
				PRODUCT_NAME = "$(TARGET_NAME)";
				TEST_HOST = "$(BUILT_PRODUCTS_DIR)/GMSwitchDemo.app/GMSwitchDemo";
			};
			name = Release;
		};
		FAEB43461BA784A1000B9225 /* Debug */ = {
			isa = XCBuildConfiguration;
			buildSettings = {
				INFOPLIST_FILE = GMSwitchDemoUITests/Info.plist;
				LD_RUNPATH_SEARCH_PATHS = "$(inherited) @executable_path/Frameworks @loader_path/Frameworks";
				PRODUCT_BUNDLE_IDENTIFIER = demoApp.allUsers.GMSwitchDemoUITests;
				PRODUCT_NAME = "$(TARGET_NAME)";
				TEST_TARGET_NAME = GMSwitchDemo;
				USES_XCTRUNNER = YES;
			};
			name = Debug;
		};
		FAEB43471BA784A1000B9225 /* Release */ = {
			isa = XCBuildConfiguration;
			buildSettings = {
				INFOPLIST_FILE = GMSwitchDemoUITests/Info.plist;
				LD_RUNPATH_SEARCH_PATHS = "$(inherited) @executable_path/Frameworks @loader_path/Frameworks";
				PRODUCT_BUNDLE_IDENTIFIER = demoApp.allUsers.GMSwitchDemoUITests;
				PRODUCT_NAME = "$(TARGET_NAME)";
				TEST_TARGET_NAME = GMSwitchDemo;
				USES_XCTRUNNER = YES;
			};
			name = Release;
		};
/* End XCBuildConfiguration section */

/* Begin XCConfigurationList section */
		FAEB43121BA784A0000B9225 /* Build configuration list for PBXProject "GMSwitchDemo" */ = {
			isa = XCConfigurationList;
			buildConfigurations = (
				FAEB433D1BA784A1000B9225 /* Debug */,
				FAEB433E1BA784A1000B9225 /* Release */,
			);
			defaultConfigurationIsVisible = 0;
			defaultConfigurationName = Release;
		};
		FAEB433F1BA784A1000B9225 /* Build configuration list for PBXNativeTarget "GMSwitchDemo" */ = {
			isa = XCConfigurationList;
			buildConfigurations = (
				FAEB43401BA784A1000B9225 /* Debug */,
				FAEB43411BA784A1000B9225 /* Release */,
			);
			defaultConfigurationIsVisible = 0;
			defaultConfigurationName = Release;
		};
		FAEB43421BA784A1000B9225 /* Build configuration list for PBXNativeTarget "GMSwitchDemoTests" */ = {
			isa = XCConfigurationList;
			buildConfigurations = (
				FAEB43431BA784A1000B9225 /* Debug */,
				FAEB43441BA784A1000B9225 /* Release */,
			);
			defaultConfigurationIsVisible = 0;
			defaultConfigurationName = Release;
		};
		FAEB43451BA784A1000B9225 /* Build configuration list for PBXNativeTarget "GMSwitchDemoUITests" */ = {
			isa = XCConfigurationList;
			buildConfigurations = (
				FAEB43461BA784A1000B9225 /* Debug */,
				FAEB43471BA784A1000B9225 /* Release */,
			);
			defaultConfigurationIsVisible = 0;
			defaultConfigurationName = Release;
		};
/* End XCConfigurationList section */
	};
	rootObject = FAEB430F1BA784A0000B9225 /* Project object */;
}
